
Microsoft Visual Studio Solution File, Format Version 12.00
# Visual Studio Version 17
VisualStudioVersion = 17.0.32112.339
MinimumVisualStudioVersion = 10.0.40219.1
Project("{FAE04EC0-301F-11D3-BF4B-00C04F79EFBC}") = "EmotionRecognition-FunTime", "EmotionRecognition-FunTime\EmotionRecognition-FunTime.csproj", "{9E66E81C-7B14-463D-8945-B5C0D386D08E}"
EndProject
Global
	GlobalSection(SolutionConfigurationPlatforms) = preSolution
		Debug|Any CPU = Debug|Any CPU
		Release|Any CPU = Release|Any CPU
	EndGlobalSection
	GlobalSection(ProjectConfigurationPlatforms) = postSolution
		{9E66E81C-7B14-463D-8945-B5C0D386D08E}.Debug|Any CPU.ActiveCfg = Debug|Any CPU
		{9E66E81C-7B14-463D-8945-B5C0D386D08E}.Debug|Any CPU.Build.0 = Debug|Any CPU
		{9E66E81C-7B14-463D-8945-B5C0D386D08E}.Release|Any CPU.ActiveCfg = Release|Any CPU
		{9E66E81C-7B14-463D-8945-B5C0D386D08E}.Release|Any CPU.Build.0 = Release|Any CPU
	EndGlobalSection
	GlobalSection(SolutionProperties) = preSolution
		HideSolutionNode = FALSE
	EndGlobalSection
	GlobalSection(ExtensibilityGlobals) = postSolution
		SolutionGuid = {D65706F2-3B86-4138-BE3C-7B2E62EC20C3}
	EndGlobalSection
EndGlobal
